NeoBundleLock caw.vim 6591ed28caef2d3175298818c5f38ce9ec692416
NeoBundleLock nerdtree 47c20c4b64e30e2948b327c55f49e140f80d5d79
NeoBundleLock unite.vim 018807942002a67614c93c8dd970a91e13b93690
NeoBundleLock vim-autoclose a9a3b7384657bc1f60a963fd6c08c63fc48d61c3
NeoBundleLock vim-quickrun 76a5a0337e19e35cb4ac1d098636e2a688104558
NeoBundleLock vimproc ee10f742304fc222e7fef694c67ca900c35fc579
NeoBundleLock yankround.vim 2db6dc0cc364448e014ad629b2eebf9eaaf0bfa8
